{
  "version": 4,
  "terraform_version": "1.0.11",
  "serial": 9,
  "lineage": "63976634-0969-4c4b-02cf-18f32448a39a",
  "outputs": {},
  "resources": [
    {
      "mode": "managed",
      "type": "aws_budgets_budget",
      "name": "budget-limit",
      "provider": "provider[\"registry.terraform.io/hashicorp/aws\"]",
      "instances": [
        {
          "schema_version": 0,
          "attributes": {
            "account_id": "382334499534",
            "budget_type": "COST",
            "cost_filters": {},
            "cost_types": [
              {
                "include_credit": true,
                "include_discount": true,
                "include_other_subscription": true,
                "include_recurring": true,
                "include_refund": true,
                "include_subscription": true,
                "include_support": true,
                "include_tax": true,
                "include_upfront": true,
                "use_amortized": false,
                "use_blended": false
              }
            ],
            "id": "382334499534:monthly-budget",
            "limit_amount": "5.0",
            "limit_unit": "USD",
            "name": "monthly-budget",
            "name_prefix": null,
            "notification": [],
            "time_period_end": "2087-06-15_00:00",
            "time_period_start": "2020-12-12_00:05",
            "time_unit": "MONTHLY"
          },
          "sensitive_attributes": [],
          "private": "bnVsbA=="
        }
      ]
    },
    {
      "mode": "managed",
      "type": "aws_subnet",
      "name": "big-data-subnet",
      "provider": "provider[\"registry.terraform.io/hashicorp/aws\"]",
      "instances": [
        {
          "schema_version": 1,
          "attributes": {
            "arn": "arn:aws:ec2:eu-west-3:382334499534:subnet/subnet-02eea5709a3c7fbbe",
            "assign_ipv6_address_on_creation": false,
            "availability_zone": "eu-west-3a",
            "availability_zone_id": "euw3-az1",
            "cidr_block": "172.16.100.0/24",
            "id": "subnet-02eea5709a3c7fbbe",
            "ipv6_cidr_block": "",
            "ipv6_cidr_block_association_id": "",
            "map_public_ip_on_launch": false,
            "outpost_arn": "",
            "owner_id": "382334499534",
            "tags": {
              "Name": "big-data-subnet"
            },
            "timeouts": null,
            "vpc_id": "vpc-0c48d0e9415f1115f"
          },
          "sensitive_attributes": [],
          "private": "eyJlMmJmYjczMC1lY2FhLTExZTYtOGY4OC0zNDM2M2JjN2M0YzAiOnsiY3JlYXRlIjo2MDAwMDAwMDAwMDAsImRlbGV0ZSI6MTIwMDAwMDAwMDAwMH0sInNjaGVtYV92ZXJzaW9uIjoiMSJ9",
          "dependencies": [
            "aws_vpc.my-principal-vpc"
          ]
        }
      ]
    },
    {
      "mode": "managed",
      "type": "aws_vpc",
      "name": "my-principal-vpc",
      "provider": "provider[\"registry.terraform.io/hashicorp/aws\"]",
      "instances": [
        {
          "schema_version": 1,
          "attributes": {
            "arn": "arn:aws:ec2:eu-west-3:382334499534:vpc/vpc-0c48d0e9415f1115f",
            "assign_generated_ipv6_cidr_block": false,
            "cidr_block": "172.16.0.0/16",
            "default_network_acl_id": "acl-09dd8aa5505063519",
            "default_route_table_id": "rtb-03f55e18c7587a286",
            "default_security_group_id": "sg-05c20dd483331b921",
            "dhcp_options_id": "dopt-f4c6389c",
            "enable_classiclink": null,
            "enable_classiclink_dns_support": null,
            "enable_dns_hostnames": false,
            "enable_dns_support": true,
            "id": "vpc-0c48d0e9415f1115f",
            "instance_tenancy": "default",
            "ipv6_association_id": "",
            "ipv6_cidr_block": "",
            "main_route_table_id": "rtb-03f55e18c7587a286",
            "owner_id": "382334499534",
            "tags": {
              "Name": "big-data-vpc"
            }
          },
          "sensitive_attributes": [],
          "private": "eyJzY2hlbWFfdmVyc2lvbiI6IjEifQ=="
        }
      ]
    }
  ]
}
